Microsoft Visual Studio Solution File, Format Version 12.00
# Visual Studio Version 17
VisualStudioVersion = 17.5.2.0
MinimumVisualStudioVersion = 10.0.40219.1
Project("{FAE04EC0-301F-11D3-BF4B-00C04F79EFBC}") = "GameComponents", "GameComponents.csproj", "{B2831154-8520-0854-2E75-6F872171B6F3}"
EndProject
Global
	GlobalSection(SolutionConfigurationPlatforms) = preSolution
		Debug|Any CPU = Debug|Any CPU
		Release|Any CPU = Release|Any CPU
	EndGlobalSection
	GlobalSection(ProjectConfigurationPlatforms) = postSolution
		{B2831154-8520-0854-2E75-6F872171B6F3}.Debug|Any CPU.ActiveCfg = Debug|Any CPU
		{B2831154-8520-0854-2E75-6F872171B6F3}.Debug|Any CPU.Build.0 = Debug|Any CPU
		{B2831154-8520-0854-2E75-6F872171B6F3}.Release|Any CPU.ActiveCfg = Release|Any CPU
		{B2831154-8520-0854-2E75-6F872171B6F3}.Release|Any CPU.Build.0 = Release|Any CPU
	EndGlobalSection
	GlobalSection(SolutionProperties) = preSolution
		HideSolutionNode = FALSE
	EndGlobalSection
	GlobalSection(ExtensibilityGlobals) = postSolution
		SolutionGuid = {768E9C5E-B2FC-4C4C-A10D-33A5F1EC3AB5}
	EndGlobalSection
EndGlobal
